{
  "nodes": {
    "nixpkgs": {
      "locked": {
        "lastModified": 1784624763,
        "narHash": "sha256-Rqg6gEXYklf7GHIIqH5wAB5clDL32dTjeu+WOTumXRU=",
        "owner": "NixOS",
        "repo": "nixpkgs",
        "rev": "d29aede2a7e60a8a61dde8f0bd44ed14b74885ac",
        "type": "github"
      },
      "original": {
        "owner": "NixOS",
        "ref": "release-26.05",
        "repo": "nixpkgs",
        "type": "github"
      }
    },
    "root": {
      "inputs": {
        "nixpkgs": "nixpkgs"
      }
    }
  },
  "root": "root",
  "version": 7
}
