{
  "nodes": {
    "nixpkgs": {
      "locked": {
        "lastModified": 1786615651,
        "narHash": "sha256-bccdld8hAN9Mc/jEhg95CwFJBxkxOcjx5ruu5ny27G8=",
        "owner": "NixOS",
        "repo": "nixpkgs",
        "rev": "b8c8804a7bf009213bd70b935644aba4a0c2b286",
        "type": "github"
      },
      "original": {
        "owner": "NixOS",
        "ref": "release-26.05",
        "repo": "nixpkgs",
        "type": "github"
      }
    },
    "root": {
      "inputs": {
        "nixpkgs": "nixpkgs"
      }
    }
  },
  "root": "root",
  "version": 7
}
